// !$*UTF8*$!
{
	archiveVersion = 1;
	classes = {
	};
	objectVersion = 50;
	objects = {

/* Begin PBXBuildFile section */
		136A54BA253E81560066458F /* AppDelegate.swift in Sources */ = {isa = PBXBuildFile; fileRef = 136A54B9253E81560066458F /* AppDelegate.swift */; };
		136A54BC253E81560066458F /* SceneDelegate.swift in Sources */ = {isa = PBXBuildFile; fileRef = 136A54BB253E81560066458F /* SceneDelegate.swift */; };
		136A54BE253E81560066458F /* ViewController.swift in Sources */ = {isa = PBXBuildFile; fileRef = 136A54BD253E81560066458F /* ViewController.swift */; };
		136A54C1253E81560066458F /* Main.storyboard in Resources */ = {isa = PBXBuildFile; fileRef = 136A54BF253E81560066458F /* Main.storyboard */; };
		136A54C3253E815A0066458F /* Assets.xcassets in Resources */ = {isa = PBXBuildFile; fileRef = 136A54C2253E815A0066458F /* Assets.xcassets */; };
		136A54C6253E815A0066458F /* LaunchScreen.storyboard in Resources */ = {isa = PBXBuildFile; fileRef = 136A54C4253E815A0066458F /* LaunchScreen.storyboard */; };
		136A54D1253E815B0066458F /* PlayBallCardTests.swift in Sources */ = {isa = PBXBuildFile; fileRef = 136A54D0253E815B0066458F /* PlayBallCardTests.swift */; };
		136A54DC253E815B0066458F /* PlayBallCardUITests.swift in Sources */ = {isa = PBXBuildFile; fileRef = 136A54DB253E815B0066458F /* PlayBallCardUITests.swift */; };
		136A54ED253E81E60066458F /* OffensiveStatistics.swift in Sources */ = {isa = PBXBuildFile; fileRef = 136A54EC253E81E50066458F /* OffensiveStatistics.swift */; };
		136A54F2253E82550066458F /* DefensiveStatistics.swift in Sources */ = {isa = PBXBuildFile; fileRef = 136A54F1253E82550066458F /* DefensiveStatistics.swift */; };
		136A54F7253E87A10066458F /* PitchingStatistics.swift in Sources */ = {isa = PBXBuildFile; fileRef = 136A54F6253E87A10066458F /* PitchingStatistics.swift */; };
		136A54FC253E89BD0066458F /* Player.swift in Sources */ = {isa = PBXBuildFile; fileRef = 136A54FB253E89BD0066458F /* Player.swift */; };
		136A5501253E8AB20066458F /* Position.swift in Sources */ = {isa = PBXBuildFile; fileRef = 136A5500253E8AB20066458F /* Position.swift */; };
		136A5506253E8D070066458F /* GameSession.swift in Sources */ = {isa = PBXBuildFile; fileRef = 136A5505253E8D070066458F /* GameSession.swift */; };
		136A550B253E8D3A0066458F /* Team.swift in Sources */ = {isa = PBXBuildFile; fileRef = 136A550A253E8D3A0066458F /* Team.swift */; };
		136A5510253E93F00066458F /* Game.swift in Sources */ = {isa = PBXBuildFile; fileRef = 136A550F253E93F00066458F /* Game.swift */; };
/* End PBXBuildFile section */

/* Begin PBXContainerItemProxy section */
		136A54CD253E815B0066458F /* PBXContainerItemProxy */ = {
			isa = PBXContainerItemProxy;
			containerPortal = 136A54AE253E81560066458F /* Project object */;
			proxyType = 1;
			remoteGlobalIDString = 136A54B5253E81560066458F;
			remoteInfo = PlayBallCard;
		};
		136A54D8253E815B0066458F /* PBXContainerItemProxy */ = {
			isa = PBXContainerItemProxy;
			containerPortal = 136A54AE253E81560066458F /* Project object */;
			proxyType = 1;
			remoteGlobalIDString = 136A54B5253E81560066458F;
			remoteInfo = PlayBallCard;
		};
/* End PBXContainerItemProxy section */

/* Begin PBXFileReference section */
		136A54B6253E81560066458F /* PlayBallCard.app */ = {isa = PBXFileReference; explicitFileType = wrapper.application; includeInIndex = 0; path = PlayBallCard.app; sourceTree = BUILT_PRODUCTS_DIR; };
		136A54B9253E81560066458F /* AppDelegate.swift */ = {isa = PBXFileReference; lastKnownFileType = sourcecode.swift; path = AppDelegate.swift; sourceTree = "<group>"; };
		136A54BB253E81560066458F /* SceneDelegate.swift */ = {isa = PBXFileReference; lastKnownFileType = sourcecode.swift; path = SceneDelegate.swift; sourceTree = "<group>"; };
		136A54BD253E81560066458F /* ViewController.swift */ = {isa = PBXFileReference; lastKnownFileType = sourcecode.swift; path = ViewController.swift; sourceTree = "<group>"; };
		136A54C0253E81560066458F /* Base */ = {isa = PBXFileReference; lastKnownFileType = file.storyboard; name = Base; path = Base.lproj/Main.storyboard; sourceTree = "<group>"; };
		136A54C2253E815A0066458F /* Assets.xcassets */ = {isa = PBXFileReference; lastKnownFileType = folder.assetcatalog; path = Assets.xcassets; sourceTree = "<group>"; };
		136A54C5253E815A0066458F /* Base */ = {isa = PBXFileReference; lastKnownFileType = file.storyboard; name = Base; path = Base.lproj/LaunchScreen.storyboard; sourceTree = "<group>"; };
		136A54C7253E815A0066458F /* Info.plist */ = {isa = PBXFileReference; lastKnownFileType = text.plist.xml; path = Info.plist; sourceTree = "<group>"; };
		136A54CC253E815B0066458F /* PlayBallCardTests.xctest */ = {isa = PBXFileReference; explicitFileType = wrapper.cfbundle; includeInIndex = 0; path = PlayBallCardTests.xctest; sourceTree = BUILT_PRODUCTS_DIR; };
		136A54D0253E815B0066458F /* PlayBallCardTests.swift */ = {isa = PBXFileReference; lastKnownFileType = sourcecode.swift; path = PlayBallCardTests.swift; sourceTree = "<group>"; };
		136A54D2253E815B0066458F /* Info.plist */ = {isa = PBXFileReference; lastKnownFileType = text.plist.xml; path = Info.plist; sourceTree = "<group>"; };
		136A54D7253E815B0066458F /* PlayBallCardUITests.xctest */ = {isa = PBXFileReference; explicitFileType = wrapper.cfbundle; includeInIndex = 0; path = PlayBallCardUITests.xctest; sourceTree = BUILT_PRODUCTS_DIR; };
		136A54DB253E815B0066458F /* PlayBallCardUITests.swift */ = {isa = PBXFileReference; lastKnownFileType = sourcecode.swift; path = PlayBallCardUITests.swift; sourceTree = "<group>"; };
		136A54DD253E815B0066458F /* Info.plist */ = {isa = PBXFileReference; lastKnownFileType = text.plist.xml; path = Info.plist; sourceTree = "<group>"; };
		136A54EC253E81E50066458F /* OffensiveStatistics.swift */ = {isa = PBXFileReference; lastKnownFileType = sourcecode.swift; path = OffensiveStatistics.swift; sourceTree = "<group>"; };
		136A54F1253E82550066458F /* DefensiveStatistics.swift */ = {isa = PBXFileReference; lastKnownFileType = sourcecode.swift; path = DefensiveStatistics.swift; sourceTree = "<group>"; };
		136A54F6253E87A10066458F /* PitchingStatistics.swift */ = {isa = PBXFileReference; lastKnownFileType = sourcecode.swift; path = PitchingStatistics.swift; sourceTree = "<group>"; };
		136A54FB253E89BD0066458F /* Player.swift */ = {isa = PBXFileReference; lastKnownFileType = sourcecode.swift; path = Player.swift; sourceTree = "<group>"; };
		136A5500253E8AB20066458F /* Position.swift */ = {isa = PBXFileReference; lastKnownFileType = sourcecode.swift; path = Position.swift; sourceTree = "<group>"; };
		136A5505253E8D070066458F /* GameSession.swift */ = {isa = PBXFileReference; lastKnownFileType = sourcecode.swift; path = GameSession.swift; sourceTree = "<group>"; };
		136A550A253E8D3A0066458F /* Team.swift */ = {isa = PBXFileReference; lastKnownFileType = sourcecode.swift; path = Team.swift; sourceTree = "<group>"; };
		136A550F253E93F00066458F /* Game.swift */ = {isa = PBXFileReference; lastKnownFileType = sourcecode.swift; path = Game.swift; sourceTree = "<group>"; };
/* End PBXFileReference section */

/* Begin PBXFrameworksBuildPhase section */
		136A54B3253E81560066458F /* Frameworks */ = {
			isa = PBXFrameworksBuildPhase;
			buildActionMask = 2147483647;
			files = (
			);
			runOnlyForDeploymentPostprocessing = 0;
		};
		136A54C9253E815B0066458F /* Frameworks */ = {
			isa = PBXFrameworksBuildPhase;
			buildActionMask = 2147483647;
			files = (
			);
			runOnlyForDeploymentPostprocessing = 0;
		};
		136A54D4253E815B0066458F /* Frameworks */ = {
			isa = PBXFrameworksBuildPhase;
			buildActionMask = 2147483647;
			files = (
			);
			runOnlyForDeploymentPostprocessing = 0;
		};
/* End PBXFrameworksBuildPhase section */

/* Begin PBXGroup section */
		136A54AD253E81560066458F = {
			isa = PBXGroup;
			children = (
				136A54B8253E81560066458F /* PlayBallCard */,
				136A54CF253E815B0066458F /* PlayBallCardTests */,
				136A54DA253E815B0066458F /* PlayBallCardUITests */,
				136A54B7253E81560066458F /* Products */,
			);
			sourceTree = "<group>";
		};
		136A54B7253E81560066458F /* Products */ = {
			isa = PBXGroup;
			children = (
				136A54B6253E81560066458F /* PlayBallCard.app */,
				136A54CC253E815B0066458F /* PlayBallCardTests.xctest */,
				136A54D7253E815B0066458F /* PlayBallCardUITests.xctest */,
			);
			name = Products;
			sourceTree = "<group>";
		};
		136A54B8253E81560066458F /* PlayBallCard */ = {
			isa = PBXGroup;
			children = (
				136A54B9253E81560066458F /* AppDelegate.swift */,
				136A54BB253E81560066458F /* SceneDelegate.swift */,
				136A54EC253E81E50066458F /* OffensiveStatistics.swift */,
				136A54F1253E82550066458F /* DefensiveStatistics.swift */,
				136A54F6253E87A10066458F /* PitchingStatistics.swift */,
				136A5500253E8AB20066458F /* Position.swift */,
				136A54FB253E89BD0066458F /* Player.swift */,
				136A550A253E8D3A0066458F /* Team.swift */,
				136A550F253E93F00066458F /* Game.swift */,
				136A5505253E8D070066458F /* GameSession.swift */,
				136A54BD253E81560066458F /* ViewController.swift */,
				136A54BF253E81560066458F /* Main.storyboard */,
				136A54C2253E815A0066458F /* Assets.xcassets */,
				136A54C4253E815A0066458F /* LaunchScreen.storyboard */,
				136A54C7253E815A0066458F /* Info.plist */,
			);
			path = PlayBallCard;
			sourceTree = "<group>";
		};
		136A54CF253E815B0066458F /* PlayBallCardTests */ = {
			isa = PBXGroup;
			children = (
				136A54D0253E815B0066458F /* PlayBallCardTests.swift */,
				136A54D2253E815B0066458F /* Info.plist */,
			);
			path = PlayBallCardTests;
			sourceTree = "<group>";
		};
		136A54DA253E815B0066458F /* PlayBallCardUITests */ = {
			isa = PBXGroup;
			children = (
				136A54DB253E815B0066458F /* PlayBallCardUITests.swift */,
				136A54DD253E815B0066458F /* Info.plist */,
			);
			path = PlayBallCardUITests;
			sourceTree = "<group>";
		};
/* End PBXGroup section */

/* Begin PBXNativeTarget section */
		136A54B5253E81560066458F /* PlayBallCard */ = {
			isa = PBXNativeTarget;
			buildConfigurationList = 136A54E0253E815B0066458F /* Build configuration list for PBXNativeTarget "PlayBallCard" */;
			buildPhases = (
				136A54B2253E81560066458F /* Sources */,
				136A54B3253E81560066458F /* Frameworks */,
				136A54B4253E81560066458F /* Resources */,
			);
			buildRules = (
			);
			dependencies = (
			);
			name = PlayBallCard;
			productName = PlayBallCard;
			productReference = 136A54B6253E81560066458F /* PlayBallCard.app */;
			productType = "com.apple.product-type.application";
		};
		136A54CB253E815B0066458F /* PlayBallCardTests */ = {
			isa = PBXNativeTarget;
			buildConfigurationList = 136A54E3253E815B0066458F /* Build configuration list for PBXNativeTarget "PlayBallCardTests" */;
			buildPhases = (
				136A54C8253E815B0066458F /* Sources */,
				136A54C9253E815B0066458F /* Frameworks */,
				136A54CA253E815B0066458F /* Resources */,
			);
			buildRules = (
			);
			dependencies = (
				136A54CE253E815B0066458F /* PBXTargetDependency */,
			);
			name = PlayBallCardTests;
			productName = PlayBallCardTests;
			productReference = 136A54CC253E815B0066458F /* PlayBallCardTests.xctest */;
			productType = "com.apple.product-type.bundle.unit-test";
		};
		136A54D6253E815B0066458F /* PlayBallCardUITests */ = {
			isa = PBXNativeTarget;
			buildConfigurationList = 136A54E6253E815B0066458F /* Build configuration list for PBXNativeTarget "PlayBallCardUITests" */;
			buildPhases = (
				136A54D3253E815B0066458F /* Sources */,
				136A54D4253E815B0066458F /* Frameworks */,
				136A54D5253E815B0066458F /* Resources */,
			);
			buildRules = (
			);
			dependencies = (
				136A54D9253E815B0066458F /* PBXTargetDependency */,
			);
			name = PlayBallCardUITests;
			productName = PlayBallCardUITests;
			productReference = 136A54D7253E815B0066458F /* PlayBallCardUITests.xctest */;
			productType = "com.apple.product-type.bundle.ui-testing";
		};
/* End PBXNativeTarget section */

/* Begin PBXProject section */
		136A54AE253E81560066458F /* Project object */ = {
			isa = PBXProject;
			attributes = {
				LastSwiftUpdateCheck = 1200;
				LastUpgradeCheck = 1200;
				TargetAttributes = {
					136A54B5253E81560066458F = {
						CreatedOnToolsVersion = 12.0.1;
					};
					136A54CB253E815B0066458F = {
						CreatedOnToolsVersion = 12.0.1;
						TestTargetID = 136A54B5253E81560066458F;
					};
					136A54D6253E815B0066458F = {
						CreatedOnToolsVersion = 12.0.1;
						TestTargetID = 136A54B5253E81560066458F;
					};
				};
			};
			buildConfigurationList = 136A54B1253E81560066458F /* Build configuration list for PBXProject "PlayBallCard" */;
			compatibilityVersion = "Xcode 9.3";
			developmentRegion = en;
			hasScannedForEncodings = 0;
			knownRegions = (
				en,
				Base,
			);
			mainGroup = 136A54AD253E81560066458F;
			productRefGroup = 136A54B7253E81560066458F /* Products */;
			projectDirPath = "";
			projectRoot = "";
			targets = (
				136A54B5253E81560066458F /* PlayBallCard */,
				136A54CB253E815B0066458F /* PlayBallCardTests */,
				136A54D6253E815B0066458F /* PlayBallCardUITests */,
			);
		};
/* End PBXProject section */

/* Begin PBXResourcesBuildPhase section */
		136A54B4253E81560066458F /* Resources */ = {
			isa = PBXResourcesBuildPhase;
			buildActionMask = 2147483647;
			files = (
				136A54C6253E815A0066458F /* LaunchScreen.storyboard in Resources */,
				136A54C3253E815A0066458F /* Assets.xcassets in Resources */,
				136A54C1253E81560066458F /* Main.storyboard in Resources */,
			);
			runOnlyForDeploymentPostprocessing = 0;
		};
		136A54CA253E815B0066458F /* Resources */ = {
			isa = PBXResourcesBuildPhase;
			buildActionMask = 2147483647;
			files = (
			);
			runOnlyForDeploymentPostprocessing = 0;
		};
		136A54D5253E815B0066458F /* Resources */ = {
			isa = PBXResourcesBuildPhase;
			buildActionMask = 2147483647;
			files = (
			);
			runOnlyForDeploymentPostprocessing = 0;
		};
/* End PBXResourcesBuildPhase section */

/* Begin PBXSourcesBuildPhase section */
		136A54B2253E81560066458F /* Sources */ = {
			isa = PBXSourcesBuildPhase;
			buildActionMask = 2147483647;
			files = (
				136A54F2253E82550066458F /* DefensiveStatistics.swift in Sources */,
				136A54ED253E81E60066458F /* OffensiveStatistics.swift in Sources */,
				136A54F7253E87A10066458F /* PitchingStatistics.swift in Sources */,
				136A54BE253E81560066458F /* ViewController.swift in Sources */,
				136A54FC253E89BD0066458F /* Player.swift in Sources */,
				136A54BA253E81560066458F /* AppDelegate.swift in Sources */,
				136A5510253E93F00066458F /* Game.swift in Sources */,
				136A5501253E8AB20066458F /* Position.swift in Sources */,
				136A5506253E8D070066458F /* GameSession.swift in Sources */,
				136A550B253E8D3A0066458F /* Team.swift in Sources */,
				136A54BC253E81560066458F /* SceneDelegate.swift in Sources */,
			);
			runOnlyForDeploymentPostprocessing = 0;
		};
		136A54C8253E815B0066458F /* Sources */ = {
			isa = PBXSourcesBuildPhase;
			buildActionMask = 2147483647;
			files = (
				136A54D1253E815B0066458F /* PlayBallCardTests.swift in Sources */,
			);
			runOnlyForDeploymentPostprocessing = 0;
		};
		136A54D3253E815B0066458F /* Sources */ = {
			isa = PBXSourcesBuildPhase;
			buildActionMask = 2147483647;
			files = (
				136A54DC253E815B0066458F /* PlayBallCardUITests.swift in Sources */,
			);
			runOnlyForDeploymentPostprocessing = 0;
		};
/* End PBXSourcesBuildPhase section */

/* Begin PBXTargetDependency section */
		136A54CE253E815B0066458F /* PBXTargetDependency */ = {
			isa = PBXTargetDependency;
			target = 136A54B5253E81560066458F /* PlayBallCard */;
			targetProxy = 136A54CD253E815B0066458F /* PBXContainerItemProxy */;
		};
		136A54D9253E815B0066458F /* PBXTargetDependency */ = {
			isa = PBXTargetDependency;
			target = 136A54B5253E81560066458F /* PlayBallCard */;
			targetProxy = 136A54D8253E815B0066458F /* PBXContainerItemProxy */;
		};
/* End PBXTargetDependency section */

/* Begin PBXVariantGroup section */
		136A54BF253E81560066458F /* Main.storyboard */ = {
			isa = PBXVariantGroup;
			children = (
				136A54C0253E81560066458F /* Base */,
			);
			name = Main.storyboard;
			sourceTree = "<group>";
		};
		136A54C4253E815A0066458F /* LaunchScreen.storyboard */ = {
			isa = PBXVariantGroup;
			children = (
				136A54C5253E815A0066458F /* Base */,
			);
			name = LaunchScreen.storyboard;
			sourceTree = "<group>";
		};
/* End PBXVariantGroup section */

/* Begin XCBuildConfiguration section */
		136A54DE253E815B0066458F /* Debug */ = {
			isa = XCBuildConfiguration;
			buildSettings = {
				ALWAYS_SEARCH_USER_PATHS = NO;
				CLANG_ANALYZER_NONNULL = YES;
				CLANG_ANALYZER_NUMBER_OBJECT_CONVERSION = YES_AGGRESSIVE;
				CLANG_CXX_LANGUAGE_STANDARD = "gnu++14";
				CLANG_CXX_LIBRARY = "libc++";
				CLANG_ENABLE_MODULES = YES;
				CLANG_ENABLE_OBJC_ARC = YES;
				CLANG_ENABLE_OBJC_WEAK = YES;
				CLANG_WARN_BLOCK_CAPTURE_AUTORELEASING = YES;
				CLANG_WARN_BOOL_CONVERSION = YES;
				CLANG_WARN_COMMA = YES;
				CLANG_WARN_CONSTANT_CONVERSION = YES;
				CLANG_WARN_DEPRECATED_OBJC_IMPLEMENTATIONS = YES;
				CLANG_WARN_DIRECT_OBJC_ISA_USAGE = YES_ERROR;
				CLANG_WARN_DOCUMENTATION_COMMENTS = YES;
				CLANG_WARN_EMPTY_BODY = YES;
				CLANG_WARN_ENUM_CONVERSION = YES;
				CLANG_WARN_INFINITE_RECURSION = YES;
				CLANG_WARN_INT_CONVERSION = YES;
				CLANG_WARN_NON_LITERAL_NULL_CONVERSION = YES;
				CLANG_WARN_OBJC_IMPLICIT_RETAIN_SELF = YES;
				CLANG_WARN_OBJC_LITERAL_CONVERSION = YES;
				CLANG_WARN_OBJC_ROOT_CLASS = YES_ERROR;
				CLANG_WARN_QUOTED_INCLUDE_IN_FRAMEWORK_HEADER = YES;
				CLANG_WARN_RANGE_LOOP_ANALYSIS = YES;
				CLANG_WARN_STRICT_PROTOTYPES = YES;
				CLANG_WARN_SUSPICIOUS_MOVE = YES;
				CLANG_WARN_UNGUARDED_AVAILABILITY = YES_AGGRESSIVE;
				CLANG_WARN_UNREACHABLE_CODE = YES;
				CLANG_WARN__DUPLICATE_METHOD_MATCH = YES;
				COPY_PHASE_STRIP = NO;
				DEBUG_INFORMATION_FORMAT = dwarf;
				ENABLE_STRICT_OBJC_MSGSEND = YES;
				ENABLE_TESTABILITY = YES;
				GCC_C_LANGUAGE_STANDARD = gnu11;
				GCC_DYNAMIC_NO_PIC = NO;
				GCC_NO_COMMON_BLOCKS = YES;
				GCC_OPTIMIZATION_LEVEL = 0;
				GCC_PREPROCESSOR_DEFINITIONS = (
					"DEBUG=1",
					"$(inherited)",
				);
				GCC_WARN_64_TO_32_BIT_CONVERSION = YES;
				GCC_WARN_ABOUT_RETURN_TYPE = YES_ERROR;
				GCC_WARN_UNDECLARED_SELECTOR = YES;
				GCC_WARN_UNINITIALIZED_AUTOS = YES_AGGRESSIVE;
				GCC_WARN_UNUSED_FUNCTION = YES;
				GCC_WARN_UNUSED_VARIABLE = YES;
				IPHONEOS_DEPLOYMENT_TARGET = 14.0;
				MTL_ENABLE_DEBUG_INFO = INCLUDE_SOURCE;
				MTL_FAST_MATH = YES;
				ONLY_ACTIVE_ARCH = YES;
				SDKROOT = iphoneos;
				SWIFT_ACTIVE_COMPILATION_CONDITIONS = DEBUG;
				SWIFT_OPTIMIZATION_LEVEL = "-Onone";
			};
			name = Debug;
		};
		136A54DF253E815B0066458F /* Release */ = {
			isa = XCBuildConfiguration;
			buildSettings = {
				ALWAYS_SEARCH_USER_PATHS = NO;
				CLANG_ANALYZER_NONNULL = YES;
				CLANG_ANALYZER_NUMBER_OBJECT_CONVERSION = YES_AGGRESSIVE;
				CLANG_CXX_LANGUAGE_STANDARD = "gnu++14";
				CLANG_CXX_LIBRARY = "libc++";
				CLANG_ENABLE_MODULES = YES;
				CLANG_ENABLE_OBJC_ARC = YES;
				CLANG_ENABLE_OBJC_WEAK = YES;
				CLANG_WARN_BLOCK_CAPTURE_AUTORELEASING = YES;
				CLANG_WARN_BOOL_CONVERSION = YES;
				CLANG_WARN_COMMA = YES;
				CLANG_WARN_CONSTANT_CONVERSION = YES;
				CLANG_WARN_DEPRECATED_OBJC_IMPLEMENTATIONS = YES;
				CLANG_WARN_DIRECT_OBJC_ISA_USAGE = YES_ERROR;
				CLANG_WARN_DOCUMENTATION_COMMENTS = YES;
				CLANG_WARN_EMPTY_BODY = YES;
				CLANG_WARN_ENUM_CONVERSION = YES;
				CLANG_WARN_INFINITE_RECURSION = YES;
				CLANG_WARN_INT_CONVERSION = YES;
				CLANG_WARN_NON_LITERAL_NULL_CONVERSION = YES;
				CLANG_WARN_OBJC_IMPLICIT_RETAIN_SELF = YES;
				CLANG_WARN_OBJC_LITERAL_CONVERSION = YES;
				CLANG_WARN_OBJC_ROOT_CLASS = YES_ERROR;
				CLANG_WARN_QUOTED_INCLUDE_IN_FRAMEWORK_HEADER = YES;
				CLANG_WARN_RANGE_LOOP_ANALYSIS = YES;
				CLANG_WARN_STRICT_PROTOTYPES = YES;
				CLANG_WARN_SUSPICIOUS_MOVE = YES;
				CLANG_WARN_UNGUARDED_AVAILABILITY = YES_AGGRESSIVE;
				CLANG_WARN_UNREACHABLE_CODE = YES;
				CLANG_WARN__DUPLICATE_METHOD_MATCH = YES;
				COPY_PHASE_STRIP = NO;
				DEBUG_INFORMATION_FORMAT = "dwarf-with-dsym";
				ENABLE_NS_ASSERTIONS = NO;
				ENABLE_STRICT_OBJC_MSGSEND = YES;
				GCC_C_LANGUAGE_STANDARD = gnu11;
				GCC_NO_COMMON_BLOCKS = YES;
				GCC_WARN_64_TO_32_BIT_CONVERSION = YES;
				GCC_WARN_ABOUT_RETURN_TYPE = YES_ERROR;
				GCC_WARN_UNDECLARED_SELECTOR = YES;
				GCC_WARN_UNINITIALIZED_AUTOS = YES_AGGRESSIVE;
				GCC_WARN_UNUSED_FUNCTION = YES;
				GCC_WARN_UNUSED_VARIABLE = YES;
				IPHONEOS_DEPLOYMENT_TARGET = 14.0;
				MTL_ENABLE_DEBUG_INFO = NO;
				MTL_FAST_MATH = YES;
				SDKROOT = iphoneos;
				SWIFT_COMPILATION_MODE = wholemodule;
				SWIFT_OPTIMIZATION_LEVEL = "-O";
				VALIDATE_PRODUCT = YES;
			};
			name = Release;
		};
		136A54E1253E815B0066458F /* Debug */ = {
			isa = XCBuildConfiguration;
			buildSettings = {
				ASSETCATALOG_COMPILER_APPICON_NAME = AppIcon;
				ASSETCATALOG_COMPILER_GLOBAL_ACCENT_COLOR_NAME = AccentColor;
				CODE_SIGN_STYLE = Automatic;
				DEVELOPMENT_TEAM = 5YYJ8TDUCW;
				INFOPLIST_FILE = PlayBallCard/Info.plist;
				LD_RUNPATH_SEARCH_PATHS = (
					"$(inherited)",
					"@executable_path/Frameworks",
				);
				PRODUCT_BUNDLE_IDENTIFIER = com.christianhurtado.PlayBallCard;
				PRODUCT_NAME = "$(TARGET_NAME)";
				SWIFT_VERSION = 5.0;
				TARGETED_DEVICE_FAMILY = "1,2";
			};
			name = Debug;
		};
		136A54E2253E815B0066458F /* Release */ = {
			isa = XCBuildConfiguration;
			buildSettings = {
				ASSETCATALOG_COMPILER_APPICON_NAME = AppIcon;
				ASSETCATALOG_COMPILER_GLOBAL_ACCENT_COLOR_NAME = AccentColor;
				CODE_SIGN_STYLE = Automatic;
				DEVELOPMENT_TEAM = 5YYJ8TDUCW;
				INFOPLIST_FILE = PlayBallCard/Info.plist;
				LD_RUNPATH_SEARCH_PATHS = (
					"$(inherited)",
					"@executable_path/Frameworks",
				);
				PRODUCT_BUNDLE_IDENTIFIER = com.christianhurtado.PlayBallCard;
				PRODUCT_NAME = "$(TARGET_NAME)";
				SWIFT_VERSION = 5.0;
				TARGETED_DEVICE_FAMILY = "1,2";
			};
			name = Release;
		};
		136A54E4253E815B0066458F /* Debug */ = {
			isa = XCBuildConfiguration;
			buildSettings = {
				ALWAYS_EMBED_SWIFT_STANDARD_LIBRARIES = YES;
				BUNDLE_LOADER = "$(TEST_HOST)";
				CODE_SIGN_STYLE = Automatic;
				DEVELOPMENT_TEAM = 5YYJ8TDUCW;
				INFOPLIST_FILE = PlayBallCardTests/Info.plist;
				IPHONEOS_DEPLOYMENT_TARGET = 14.0;
				LD_RUNPATH_SEARCH_PATHS = (
					"$(inherited)",
					"@executable_path/Frameworks",
					"@loader_path/Frameworks",
				);
				PRODUCT_BUNDLE_IDENTIFIER = com.christianhurtado.PlayBallCardTests;
				PRODUCT_NAME = "$(TARGET_NAME)";
				SWIFT_VERSION = 5.0;
				TARGETED_DEVICE_FAMILY = "1,2";
				TEST_HOST = "$(BUILT_PRODUCTS_DIR)/PlayBallCard.app/PlayBallCard";
			};
			name = Debug;
		};
		136A54E5253E815B0066458F /* Release */ = {
			isa = XCBuildConfiguration;
			buildSettings = {
				ALWAYS_EMBED_SWIFT_STANDARD_LIBRARIES = YES;
				BUNDLE_LOADER = "$(TEST_HOST)";
				CODE_SIGN_STYLE = Automatic;
				DEVELOPMENT_TEAM = 5YYJ8TDUCW;
				INFOPLIST_FILE = PlayBallCardTests/Info.plist;
				IPHONEOS_DEPLOYMENT_TARGET = 14.0;
				LD_RUNPATH_SEARCH_PATHS = (
					"$(inherited)",
					"@executable_path/Frameworks",
					"@loader_path/Frameworks",
				);
				PRODUCT_BUNDLE_IDENTIFIER = com.christianhurtado.PlayBallCardTests;
				PRODUCT_NAME = "$(TARGET_NAME)";
				SWIFT_VERSION = 5.0;
				TARGETED_DEVICE_FAMILY = "1,2";
				TEST_HOST = "$(BUILT_PRODUCTS_DIR)/PlayBallCard.app/PlayBallCard";
			};
			name = Release;
		};
		136A54E7253E815B0066458F /* Debug */ = {
			isa = XCBuildConfiguration;
			buildSettings = {
				ALWAYS_EMBED_SWIFT_STANDARD_LIBRARIES = YES;
				CODE_SIGN_STYLE = Automatic;
				DEVELOPMENT_TEAM = 5YYJ8TDUCW;
				INFOPLIST_FILE = PlayBallCardUITests/Info.plist;
				LD_RUNPATH_SEARCH_PATHS = (
					"$(inherited)",
					"@executable_path/Frameworks",
					"@loader_path/Frameworks",
				);
				PRODUCT_BUNDLE_IDENTIFIER = com.christianhurtado.PlayBallCardUITests;
				PRODUCT_NAME = "$(TARGET_NAME)";
				SWIFT_VERSION = 5.0;
				TARGETED_DEVICE_FAMILY = "1,2";
				TEST_TARGET_NAME = PlayBallCard;
			};
			name = Debug;
		};
		136A54E8253E815B0066458F /* Release */ = {
			isa = XCBuildConfiguration;
			buildSettings = {
				ALWAYS_EMBED_SWIFT_STANDARD_LIBRARIES = YES;
				CODE_SIGN_STYLE = Automatic;
				DEVELOPMENT_TEAM = 5YYJ8TDUCW;
				INFOPLIST_FILE = PlayBallCardUITests/Info.plist;
				LD_RUNPATH_SEARCH_PATHS = (
					"$(inherited)",
					"@executable_path/Frameworks",
					"@loader_path/Frameworks",
				);
				PRODUCT_BUNDLE_IDENTIFIER = com.christianhurtado.PlayBallCardUITests;
				PRODUCT_NAME = "$(TARGET_NAME)";
				SWIFT_VERSION = 5.0;
				TARGETED_DEVICE_FAMILY = "1,2";
				TEST_TARGET_NAME = PlayBallCard;
			};
			name = Release;
		};
/* End XCBuildConfiguration section */

/* Begin XCConfigurationList section */
		136A54B1253E81560066458F /* Build configuration list for PBXProject "PlayBallCard" */ = {
			isa = XCConfigurationList;
			buildConfigurations = (
				136A54DE253E815B0066458F /* Debug */,
				136A54DF253E815B0066458F /* Release */,
			);
			defaultConfigurationIsVisible = 0;
			defaultConfigurationName = Release;
		};
		136A54E0253E815B0066458F /* Build configuration list for PBXNativeTarget "PlayBallCard" */ = {
			isa = XCConfigurationList;
			buildConfigurations = (
				136A54E1253E815B0066458F /* Debug */,
				136A54E2253E815B0066458F /* Release */,
			);
			defaultConfigurationIsVisible = 0;
			defaultConfigurationName = Release;
		};
		136A54E3253E815B0066458F /* Build configuration list for PBXNativeTarget "PlayBallCardTests" */ = {
			isa = XCConfigurationList;
			buildConfigurations = (
				136A54E4253E815B0066458F /* Debug */,
				136A54E5253E815B0066458F /* Release */,
			);
			defaultConfigurationIsVisible = 0;
			defaultConfigurationName = Release;
		};
		136A54E6253E815B0066458F /* Build configuration list for PBXNativeTarget "PlayBallCardUITests" */ = {
			isa = XCConfigurationList;
			buildConfigurations = (
				136A54E7253E815B0066458F /* Debug */,
				136A54E8253E815B0066458F /* Release */,
			);
			defaultConfigurationIsVisible = 0;
			defaultConfigurationName = Release;
		};
/* End XCConfigurationList section */
	};
	rootObject = 136A54AE253E81560066458F /* Project object */;
}
